// !$*UTF8*$!
{
	archiveVersion = 1;
	classes = {
	};
	objectVersion = 46;
	objects = {

/* Begin PBXBuildFile section */
		B903C3C01E7004EB00883C4A /* String+Extension.swift in Sources */ = {isa = PBXBuildFile; fileRef = B903C3BF1E7004EB00883C4A /* String+Extension.swift */; };
		B9D082DA1E58D22800B0B115 /* AppDelegate.swift in Sources */ = {isa = PBXBuildFile; fileRef = B9D082D91E58D22800B0B115 /* AppDelegate.swift */; };
		B9D082DC1E58D22800B0B115 /* ViewController.swift in Sources */ = {isa = PBXBuildFile; fileRef = B9D082DB1E58D22800B0B115 /* ViewController.swift */; };
		B9D082DF1E58D22800B0B115 /* Main.storyboard in Resources */ = {isa = PBXBuildFile; fileRef = B9D082DD1E58D22800B0B115 /* Main.storyboard */; };
		B9D082E11E58D22800B0B115 /* Assets.xcassets in Resources */ = {isa = PBXBuildFile; fileRef = B9D082E01E58D22800B0B115 /* Assets.xcassets */; };
		B9D082E41E58D22800B0B115 /* LaunchScreen.storyboard in Resources */ = {isa = PBXBuildFile; fileRef = B9D082E21E58D22800B0B115 /* LaunchScreen.storyboard */; };
		B9D082ED1E58D25D00B0B115 /* CalculatorBrain.swift in Sources */ = {isa = PBXBuildFile; fileRef = B9D082EC1E58D25D00B0B115 /* CalculatorBrain.swift */; };
/* End PBXBuildFile section */

/* Begin PBXFileReference section */
		B903C3BF1E7004EB00883C4A /* String+Extension.swift */ = {isa = PBXFileReference; fileEncoding = 4; lastKnownFileType = sourcecode.swift; path = "String+Extension.swift"; sourceTree = "<group>"; };
		B9D082D61E58D22800B0B115 /* Calculator.app */ = {isa = PBXFileReference; explicitFileType = wrapper.application; includeInIndex = 0; path = Calculator.app; sourceTree = BUILT_PRODUCTS_DIR; };
		B9D082D91E58D22800B0B115 /* AppDelegate.swift */ = {isa = PBXFileReference; lastKnownFileType = sourcecode.swift; path = AppDelegate.swift; sourceTree = "<group>"; };
		B9D082DB1E58D22800B0B115 /* ViewController.swift */ = {isa = PBXFileReference; lastKnownFileType = sourcecode.swift; path = ViewController.swift; sourceTree = "<group>"; };
		B9D082DE1E58D22800B0B115 /* Base */ = {isa = PBXFileReference; lastKnownFileType = file.storyboard; name = Base; path = Base.lproj/Main.storyboard; sourceTree = "<group>"; };
		B9D082E01E58D22800B0B115 /* Assets.xcassets */ = {isa = PBXFileReference; lastKnownFileType = folder.assetcatalog; path = Assets.xcassets; sourceTree = "<group>"; };
		B9D082E31E58D22800B0B115 /* Base */ = {isa = PBXFileReference; lastKnownFileType = file.storyboard; name = Base; path = Base.lproj/LaunchScreen.storyboard; sourceTree = "<group>"; };
		B9D082E51E58D22800B0B115 /* Info.plist */ = {isa = PBXFileReference; lastKnownFileType = text.plist.xml; path = Info.plist; sourceTree = "<group>"; };
		B9D082EC1E58D25D00B0B115 /* CalculatorBrain.swift */ = {isa = PBXFileReference; fileEncoding = 4; lastKnownFileType = sourcecode.swift; path = CalculatorBrain.swift; sourceTree = "<group>"; };
/* End PBXFileReference section */

/* Begin PBXFrameworksBuildPhase section */
		B9D082D31E58D22800B0B115 /* Frameworks */ = {
			isa = PBXFrameworksBuildPhase;
			buildActionMask = 2147483647;
			files = (
			);
			runOnlyForDeploymentPostprocessing = 0;
		};
/* End PBXFrameworksBuildPhase section */

/* Begin PBXGroup section */
		B9D082CD1E58D22800B0B115 = {
			isa = PBXGroup;
			children = (
				B9D082D81E58D22800B0B115 /* Calculator */,
				B9D082D71E58D22800B0B115 /* Products */,
			);
			sourceTree = "<group>";
		};
		B9D082D71E58D22800B0B115 /* Products */ = {
			isa = PBXGroup;
			children = (
				B9D082D61E58D22800B0B115 /* Calculator.app */,
			);
			name = Products;
			sourceTree = "<group>";
		};
		B9D082D81E58D22800B0B115 /* Calculator */ = {
			isa = PBXGroup;
			children = (
				B9D082DB1E58D22800B0B115 /* ViewController.swift */,
				B9D082DD1E58D22800B0B115 /* Main.storyboard */,
				B9D082EC1E58D25D00B0B115 /* CalculatorBrain.swift */,
				B903C3BF1E7004EB00883C4A /* String+Extension.swift */,
				B9D082EB1E58D23A00B0B115 /* Supporting Files */,
			);
			path = Calculator;
			sourceTree = "<group>";
		};
		B9D082EB1E58D23A00B0B115 /* Supporting Files */ = {
			isa = PBXGroup;
			children = (
				B9D082D91E58D22800B0B115 /* AppDelegate.swift */,
				B9D082E01E58D22800B0B115 /* Assets.xcassets */,
				B9D082E21E58D22800B0B115 /* LaunchScreen.storyboard */,
				B9D082E51E58D22800B0B115 /* Info.plist */,
			);
			name = "Supporting Files";
			sourceTree = "<group>";
		};
/* End PBXGroup section */

/* Begin PBXNativeTarget section */
		B9D082D51E58D22800B0B115 /* Calculator */ = {
			isa = PBXNativeTarget;
			buildConfigurationList = B9D082E81E58D22800B0B115 /* Build configuration list for PBXNativeTarget "Calculator" */;
			buildPhases = (
				B9D082D21E58D22800B0B115 /* Sources */,
				B9D082D31E58D22800B0B115 /* Frameworks */,
				B9D082D41E58D22800B0B115 /* Resources */,
			);
			buildRules = (
			);
			dependencies = (
			);
			name = Calculator;
			productName = Calculator;
			productReference = B9D082D61E58D22800B0B115 /* Calculator.app */;
			productType = "com.apple.product-type.application";
		};
/* End PBXNativeTarget section */

/* Begin PBXProject section */
		B9D082CE1E58D22800B0B115 /* Project object */ = {
			isa = PBXProject;
			attributes = {
				LastSwiftUpdateCheck = 0820;
				LastUpgradeCheck = 0820;
				ORGANIZATIONNAME = "Lennart Wisbar";
				TargetAttributes = {
					B9D082D51E58D22800B0B115 = {
						CreatedOnToolsVersion = 8.2.1;
						DevelopmentTeam = 9SPL76B3GR;
						ProvisioningStyle = Automatic;
					};
				};
			};
			buildConfigurationList = B9D082D11E58D22800B0B115 /* Build configuration list for PBXProject "Calculator" */;
			compatibilityVersion = "Xcode 3.2";
			developmentRegion = English;
			hasScannedForEncodings = 0;
			knownRegions = (
				en,
				Base,
			);
			mainGroup = B9D082CD1E58D22800B0B115;
			productRefGroup = B9D082D71E58D22800B0B115 /* Products */;
			projectDirPath = "";
			projectRoot = "";
			targets = (
				B9D082D51E58D22800B0B115 /* Calculator */,
			);
		};
/* End PBXProject section */

/* Begin PBXResourcesBuildPhase section */
		B9D082D41E58D22800B0B115 /* Resources */ = {
			isa = PBXResourcesBuildPhase;
			buildActionMask = 2147483647;
			files = (
				B9D082E41E58D22800B0B115 /* LaunchScreen.storyboard in Resources */,
				B9D082E11E58D22800B0B115 /* Assets.xcassets in Resources */,
				B9D082DF1E58D22800B0B115 /* Main.storyboard in Resources */,
			);
			runOnlyForDeploymentPostprocessing = 0;
		};
/* End PBXResourcesBuildPhase section */

/* Begin PBXSourcesBuildPhase section */
		B9D082D21E58D22800B0B115 /* Sources */ = {
			isa = PBXSourcesBuildPhase;
			buildActionMask = 2147483647;
			files = (
				B903C3C01E7004EB00883C4A /* String+Extension.swift in Sources */,
				B9D082ED1E58D25D00B0B115 /* CalculatorBrain.swift in Sources */,
				B9D082DC1E58D22800B0B115 /* ViewController.swift in Sources */,
				B9D082DA1E58D22800B0B115 /* AppDelegate.swift in Sources */,
			);
			runOnlyForDeploymentPostprocessing = 0;
		};
/* End PBXSourcesBuildPhase section */

/* Begin PBXVariantGroup section */
		B9D082DD1E58D22800B0B115 /* Main.storyboard */ = {
			isa = PBXVariantGroup;
			children = (
				B9D082DE1E58D22800B0B115 /* Base */,
			);
			name = Main.storyboard;
			sourceTree = "<group>";
		};
		B9D082E21E58D22800B0B115 /* LaunchScreen.storyboard */ = {
			isa = PBXVariantGroup;
			children = (
				B9D082E31E58D22800B0B115 /* Base */,
			);
			name = LaunchScreen.storyboard;
			sourceTree = "<group>";
		};
/* End PBXVariantGroup section */

/* Begin XCBuildConfiguration section */
		B9D082E61E58D22800B0B115 /* Debug */ = {
			isa = XCBuildConfiguration;
			buildSettings = {
				ALWAYS_SEARCH_USER_PATHS = NO;
				CLANG_ANALYZER_NONNULL = YES;
				CLANG_CXX_LANGUAGE_STANDARD = "gnu++0x";
				CLANG_CXX_LIBRARY = "libc++";
				CLANG_ENABLE_MODULES = YES;
				CLANG_ENABLE_OBJC_ARC = YES;
				CLANG_WARN_BOOL_CONVERSION = YES;
				CLANG_WARN_CONSTANT_CONVERSION = YES;
				CLANG_WARN_DIRECT_OBJC_ISA_USAGE = YES_ERROR;
				CLANG_WARN_DOCUMENTATION_COMMENTS = YES;
				CLANG_WARN_EMPTY_BODY = YES;
				CLANG_WARN_ENUM_CONVERSION = YES;
				CLANG_WARN_INFINITE_RECURSION = YES;
				CLANG_WARN_INT_CONVERSION = YES;
				CLANG_WARN_OBJC_ROOT_CLASS = YES_ERROR;
				CLANG_WARN_SUSPICIOUS_MOVE = YES;
				CLANG_WARN_UNREACHABLE_CODE = YES;
				CLANG_WARN__DUPLICATE_METHOD_MATCH = YES;
				"CODE_SIGN_IDENTITY[sdk=iphoneos*]" = "iPhone Developer";
				COPY_PHASE_STRIP = NO;
				DEBUG_INFORMATION_FORMAT = dwarf;
				ENABLE_STRICT_OBJC_MSGSEND = YES;
				ENABLE_TESTABILITY = YES;
				GCC_C_LANGUAGE_STANDARD = gnu99;
				GCC_DYNAMIC_NO_PIC = NO;
				GCC_NO_COMMON_BLOCKS = YES;
				GCC_OPTIMIZATION_LEVEL = 0;
				GCC_PREPROCESSOR_DEFINITIONS = (
					"DEBUG=1",
					"$(inherited)",
				);
				GCC_WARN_64_TO_32_BIT_CONVERSION = YES;
				GCC_WARN_ABOUT_RETURN_TYPE = YES_ERROR;
				GCC_WARN_UNDECLARED_SELECTOR = YES;
				GCC_WARN_UNINITIALIZED_AUTOS = YES_AGGRESSIVE;
				GCC_WARN_UNUSED_FUNCTION = YES;
				GCC_WARN_UNUSED_VARIABLE = YES;
				IPHONEOS_DEPLOYMENT_TARGET = 10.2;
				MTL_ENABLE_DEBUG_INFO = YES;
				ONLY_ACTIVE_ARCH = YES;
				SDKROOT = iphoneos;
				SWIFT_ACTIVE_COMPILATION_CONDITIONS = DEBUG;
				SWIFT_OPTIMIZATION_LEVEL = "-Onone";
				TARGETED_DEVICE_FAMILY = "1,2";
			};
			name = Debug;
		};
		B9D082E71E58D22800B0B115 /* Release */ = {
			isa = XCBuildConfiguration;
			buildSettings = {
				ALWAYS_SEARCH_USER_PATHS = NO;
				CLANG_ANALYZER_NONNULL = YES;
				CLANG_CXX_LANGUAGE_STANDARD = "gnu++0x";
				CLANG_CXX_LIBRARY = "libc++";
				CLANG_ENABLE_MODULES = YES;
				CLANG_ENABLE_OBJC_ARC = YES;
				CLANG_WARN_BOOL_CONVERSION = YES;
				CLANG_WARN_CONSTANT_CONVERSION = YES;
				CLANG_WARN_DIRECT_OBJC_ISA_USAGE = YES_ERROR;
				CLANG_WARN_DOCUMENTATION_COMMENTS = YES;
				CLANG_WARN_EMPTY_BODY = YES;
				CLANG_WARN_ENUM_CONVERSION = YES;
				CLANG_WARN_INFINITE_RECURSION = YES;
				CLANG_WARN_INT_CONVERSION = YES;
				CLANG_WARN_OBJC_ROOT_CLASS = YES_ERROR;
				CLANG_WARN_SUSPICIOUS_MOVE = YES;
				CLANG_WARN_UNREACHABLE_CODE = YES;
				CLANG_WARN__DUPLICATE_METHOD_MATCH = YES;
				"CODE_SIGN_IDENTITY[sdk=iphoneos*]" = "iPhone Developer";
				COPY_PHASE_STRIP = NO;
				DEBUG_INFORMATION_FORMAT = "dwarf-with-dsym";
				ENABLE_NS_ASSERTIONS = NO;
				ENABLE_STRICT_OBJC_MSGSEND = YES;
				GCC_C_LANGUAGE_STANDARD = gnu99;
				GCC_NO_COMMON_BLOCKS = YES;
				GCC_WARN_64_TO_32_BIT_CONVERSION = YES;
				GCC_WARN_ABOUT_RETURN_TYPE = YES_ERROR;
				GCC_WARN_UNDECLARED_SELECTOR = YES;
				GCC_WARN_UNINITIALIZED_AUTOS = YES_AGGRESSIVE;
				GCC_WARN_UNUSED_FUNCTION = YES;
				GCC_WARN_UNUSED_VARIABLE = YES;
				IPHONEOS_DEPLOYMENT_TARGET = 10.2;
				MTL_ENABLE_DEBUG_INFO = NO;
				SDKROOT = iphoneos;
				SWIFT_OPTIMIZATION_LEVEL = "-Owholemodule";
				TARGETED_DEVICE_FAMILY = "1,2";
				VALIDATE_PRODUCT = YES;
			};
			name = Release;
		};
		B9D082E91E58D22800B0B115 /* Debug */ = {
			isa = XCBuildConfiguration;
			buildSettings = {
				ASSETCATALOG_COMPILER_APPICON_NAME = AppIcon;
				DEVELOPMENT_TEAM = 9SPL76B3GR;
				INFOPLIST_FILE = Calculator/Info.plist;
				LD_RUNPATH_SEARCH_PATHS = "$(inherited) @executable_path/Frameworks";
				PRODUCT_BUNDLE_IDENTIFIER = de.lennartwisbar.Calculator;
				PRODUCT_NAME = "$(TARGET_NAME)";
				SWIFT_VERSION = 3.0;
			};
			name = Debug;
		};
		B9D082EA1E58D22800B0B115 /* Release */ = {
			isa = XCBuildConfiguration;
			buildSettings = {
				ASSETCATALOG_COMPILER_APPICON_NAME = AppIcon;
				DEVELOPMENT_TEAM = 9SPL76B3GR;
				INFOPLIST_FILE = Calculator/Info.plist;
				LD_RUNPATH_SEARCH_PATHS = "$(inherited) @executable_path/Frameworks";
				PRODUCT_BUNDLE_IDENTIFIER = de.lennartwisbar.Calculator;
				PRODUCT_NAME = "$(TARGET_NAME)";
				SWIFT_VERSION = 3.0;
			};
			name = Release;
		};
/* End XCBuildConfiguration section */

/* Begin XCConfigurationList section */
		B9D082D11E58D22800B0B115 /* Build configuration list for PBXProject "Calculator" */ = {
			isa = XCConfigurationList;
			buildConfigurations = (
				B9D082E61E58D22800B0B115 /* Debug */,
				B9D082E71E58D22800B0B115 /* Release */,
			);
			defaultConfigurationIsVisible = 0;
			defaultConfigurationName = Release;
		};
		B9D082E81E58D22800B0B115 /* Build configuration list for PBXNativeTarget "Calculator" */ = {
			isa = XCConfigurationList;
			buildConfigurations = (
				B9D082E91E58D22800B0B115 /* Debug */,
				B9D082EA1E58D22800B0B115 /* Release */,
			);
			defaultConfigurationIsVisible = 0;
			defaultConfigurationName = Release;
		};
/* End XCConfigurationList section */
	};
	rootObject = B9D082CE1E58D22800B0B115 /* Project object */;
}
